// !$*UTF8*$!
{
	archiveVersion = 1;
	classes = {
	};
	objectVersion = 52;
	objects = {

/* Begin PBXBuildFile section */
		3DF577C124A5ED43005E368C /* AppDelegate.swift in Sources */ = {isa = PBXBuildFile; fileRef = 3DF577C024A5ED43005E368C /* AppDelegate.swift */; };
		3DF577C324A5ED43005E368C /* SceneDelegate.swift in Sources */ = {isa = PBXBuildFile; fileRef = 3DF577C224A5ED43005E368C /* SceneDelegate.swift */; };
		3DF577C524A5ED43005E368C /* ViewController.swift in Sources */ = {isa = PBXBuildFile; fileRef = 3DF577C424A5ED43005E368C /* ViewController.swift */; };
		3DF577CA24A5ED44005E368C /* Assets.xcassets in Resources */ = {isa = PBXBuildFile; fileRef = 3DF577C924A5ED44005E368C /* Assets.xcassets */; };
		3DF577CD24A5ED44005E368C /* LaunchScreen.storyboard in Resources */ = {isa = PBXBuildFile; fileRef = 3DF577CB24A5ED44005E368C /* LaunchScreen.storyboard */; };
		3DF577D624A5ED76005E368C /* ScannerOverlay in Frameworks */ = {isa = PBXBuildFile; productRef = 3DF577D524A5ED76005E368C /* ScannerOverlay */; };
/* End PBXBuildFile section */

/* Begin PBXFileReference section */
		3DF577BD24A5ED43005E368C /* ScannerOverlayDemo.app */ = {isa = PBXFileReference; explicitFileType = wrapper.application; includeInIndex = 0; path = ScannerOverlayDemo.app; sourceTree = BUILT_PRODUCTS_DIR; };
		3DF577C024A5ED43005E368C /* AppDelegate.swift */ = {isa = PBXFileReference; lastKnownFileType = sourcecode.swift; path = AppDelegate.swift; sourceTree = "<group>"; };
		3DF577C224A5ED43005E368C /* SceneDelegate.swift */ = {isa = PBXFileReference; lastKnownFileType = sourcecode.swift; path = SceneDelegate.swift; sourceTree = "<group>"; };
		3DF577C424A5ED43005E368C /* ViewController.swift */ = {isa = PBXFileReference; lastKnownFileType = sourcecode.swift; path = ViewController.swift; sourceTree = "<group>"; };
		3DF577C924A5ED44005E368C /* Assets.xcassets */ = {isa = PBXFileReference; lastKnownFileType = folder.assetcatalog; path = Assets.xcassets; sourceTree = "<group>"; };
		3DF577CC24A5ED44005E368C /* Base */ = {isa = PBXFileReference; lastKnownFileType = file.storyboard; name = Base; path = Base.lproj/LaunchScreen.storyboard; sourceTree = "<group>"; };
		3DF577CE24A5ED44005E368C /* Info.plist */ = {isa = PBXFileReference; lastKnownFileType = text.plist.xml; path = Info.plist; sourceTree = "<group>"; };
/* End PBXFileReference section */

/* Begin PBXFrameworksBuildPhase section */
		3DF577BA24A5ED43005E368C /* Frameworks */ = {
			isa = PBXFrameworksBuildPhase;
			buildActionMask = 2147483647;
			files = (
				3DF577D624A5ED76005E368C /* ScannerOverlay in Frameworks */,
			);
			runOnlyForDeploymentPostprocessing = 0;
		};
/* End PBXFrameworksBuildPhase section */

/* Begin PBXGroup section */
		3DF577B424A5ED43005E368C = {
			isa = PBXGroup;
			children = (
				3DF577BF24A5ED43005E368C /* ScannerOverlayDemo */,
				3DF577BE24A5ED43005E368C /* Products */,
			);
			sourceTree = "<group>";
		};
		3DF577BE24A5ED43005E368C /* Products */ = {
			isa = PBXGroup;
			children = (
				3DF577BD24A5ED43005E368C /* ScannerOverlayDemo.app */,
			);
			name = Products;
			sourceTree = "<group>";
		};
		3DF577BF24A5ED43005E368C /* ScannerOverlayDemo */ = {
			isa = PBXGroup;
			children = (
				3DF577C024A5ED43005E368C /* AppDelegate.swift */,
				3DF577C224A5ED43005E368C /* SceneDelegate.swift */,
				3DF577C424A5ED43005E368C /* ViewController.swift */,
				3DF577C924A5ED44005E368C /* Assets.xcassets */,
				3DF577CB24A5ED44005E368C /* LaunchScreen.storyboard */,
				3DF577CE24A5ED44005E368C /* Info.plist */,
			);
			path = ScannerOverlayDemo;
			sourceTree = "<group>";
		};
/* End PBXGroup section */

/* Begin PBXNativeTarget section */
		3DF577BC24A5ED43005E368C /* ScannerOverlayDemo */ = {
			isa = PBXNativeTarget;
			buildConfigurationList = 3DF577D124A5ED44005E368C /* Build configuration list for PBXNativeTarget "ScannerOverlayDemo" */;
			buildPhases = (
				3DF577B924A5ED43005E368C /* Sources */,
				3DF577BA24A5ED43005E368C /* Frameworks */,
				3DF577BB24A5ED43005E368C /* Resources */,
			);
			buildRules = (
			);
			dependencies = (
			);
			name = ScannerOverlayDemo;
			packageProductDependencies = (
				3DF577D524A5ED76005E368C /* ScannerOverlay */,
			);
			productName = ScannerOverlayDemo;
			productReference = 3DF577BD24A5ED43005E368C /* ScannerOverlayDemo.app */;
			productType = "com.apple.product-type.application";
		};
/* End PBXNativeTarget section */

/* Begin PBXProject section */
		3DF577B524A5ED43005E368C /* Project object */ = {
			isa = PBXProject;
			attributes = {
				LastSwiftUpdateCheck = 1150;
				LastUpgradeCheck = 1240;
				ORGANIZATIONNAME = "Jan Gaebel";
				TargetAttributes = {
					3DF577BC24A5ED43005E368C = {
						CreatedOnToolsVersion = 11.5;
					};
				};
			};
			buildConfigurationList = 3DF577B824A5ED43005E368C /* Build configuration list for PBXProject "ScannerOverlayDemo" */;
			compatibilityVersion = "Xcode 9.3";
			developmentRegion = en;
			hasScannedForEncodings = 0;
			knownRegions = (
				en,
				Base,
			);
			mainGroup = 3DF577B424A5ED43005E368C;
			packageReferences = (
				3DF577D424A5ED76005E368C /* XCRemoteSwiftPackageReference "scanner-overlay" */,
			);
			productRefGroup = 3DF577BE24A5ED43005E368C /* Products */;
			projectDirPath = "";
			projectRoot = "";
			targets = (
				3DF577BC24A5ED43005E368C /* ScannerOverlayDemo */,
			);
		};
/* End PBXProject section */

/* Begin PBXResourcesBuildPhase section */
		3DF577BB24A5ED43005E368C /* Resources */ = {
			isa = PBXResourcesBuildPhase;
			buildActionMask = 2147483647;
			files = (
				3DF577CD24A5ED44005E368C /* LaunchScreen.storyboard in Resources */,
				3DF577CA24A5ED44005E368C /* Assets.xcassets in Resources */,
			);
			runOnlyForDeploymentPostprocessing = 0;
		};
/* End PBXResourcesBuildPhase section */

/* Begin PBXSourcesBuildPhase section */
		3DF577B924A5ED43005E368C /* Sources */ = {
			isa = PBXSourcesBuildPhase;
			buildActionMask = 2147483647;
			files = (
				3DF577C524A5ED43005E368C /* ViewController.swift in Sources */,
				3DF577C124A5ED43005E368C /* AppDelegate.swift in Sources */,
				3DF577C324A5ED43005E368C /* SceneDelegate.swift in Sources */,
			);
			runOnlyForDeploymentPostprocessing = 0;
		};
/* End PBXSourcesBuildPhase section */

/* Begin PBXVariantGroup section */
		3DF577CB24A5ED44005E368C /* LaunchScreen.storyboard */ = {
			isa = PBXVariantGroup;
			children = (
				3DF577CC24A5ED44005E368C /* Base */,
			);
			name = LaunchScreen.storyboard;
			sourceTree = "<group>";
		};
/* End PBXVariantGroup section */

/* Begin XCBuildConfiguration section */
		3DF577CF24A5ED44005E368C /* Debug */ = {
			isa = XCBuildConfiguration;
			buildSettings = {
				ALWAYS_SEARCH_USER_PATHS = NO;
				CLANG_ANALYZER_NONNULL = YES;
				CLANG_ANALYZER_NUMBER_OBJECT_CONVERSION = YES_AGGRESSIVE;
				CLANG_CXX_LANGUAGE_STANDARD = "gnu++14";
				CLANG_CXX_LIBRARY = "libc++";
				CLANG_ENABLE_MODULES = YES;
				CLANG_ENABLE_OBJC_ARC = YES;
				CLANG_ENABLE_OBJC_WEAK = YES;
				CLANG_WARN_BLOCK_CAPTURE_AUTORELEASING = YES;
				CLANG_WARN_BOOL_CONVERSION = YES;
				CLANG_WARN_COMMA = YES;
				CLANG_WARN_CONSTANT_CONVERSION = YES;
				CLANG_WARN_DEPRECATED_OBJC_IMPLEMENTATIONS = YES;
				CLANG_WARN_DIRECT_OBJC_ISA_USAGE = YES_ERROR;
				CLANG_WARN_DOCUMENTATION_COMMENTS = YES;
				CLANG_WARN_EMPTY_BODY = YES;
				CLANG_WARN_ENUM_CONVERSION = YES;
				CLANG_WARN_INFINITE_RECURSION = YES;
				CLANG_WARN_INT_CONVERSION = YES;
				CLANG_WARN_NON_LITERAL_NULL_CONVERSION = YES;
				CLANG_WARN_OBJC_IMPLICIT_RETAIN_SELF = YES;
				CLANG_WARN_OBJC_LITERAL_CONVERSION = YES;
				CLANG_WARN_OBJC_ROOT_CLASS = YES_ERROR;
				CLANG_WARN_QUOTED_INCLUDE_IN_FRAMEWORK_HEADER = YES;
				CLANG_WARN_RANGE_LOOP_ANALYSIS = YES;
				CLANG_WARN_STRICT_PROTOTYPES = YES;
				CLANG_WARN_SUSPICIOUS_MOVE = YES;
				CLANG_WARN_UNGUARDED_AVAILABILITY = YES_AGGRESSIVE;
				CLANG_WARN_UNREACHABLE_CODE = YES;
				CLANG_WARN__DUPLICATE_METHOD_MATCH = YES;
				COPY_PHASE_STRIP = NO;
				DEBUG_INFORMATION_FORMAT = dwarf;
				ENABLE_STRICT_OBJC_MSGSEND = YES;
				ENABLE_TESTABILITY = YES;
				GCC_C_LANGUAGE_STANDARD = gnu11;
				GCC_DYNAMIC_NO_PIC = NO;
				GCC_NO_COMMON_BLOCKS = YES;
				GCC_OPTIMIZATION_LEVEL = 0;
				GCC_PREPROCESSOR_DEFINITIONS = (
					"DEBUG=1",
					"$(inherited)",
				);
				GCC_WARN_64_TO_32_BIT_CONVERSION = YES;
				GCC_WARN_ABOUT_RETURN_TYPE = YES_ERROR;
				GCC_WARN_UNDECLARED_SELECTOR = YES;
				GCC_WARN_UNINITIALIZED_AUTOS = YES_AGGRESSIVE;
				GCC_WARN_UNUSED_FUNCTION = YES;
				GCC_WARN_UNUSED_VARIABLE = YES;
				IPHONEOS_DEPLOYMENT_TARGET = 13.5;
				MTL_ENABLE_DEBUG_INFO = INCLUDE_SOURCE;
				MTL_FAST_MATH = YES;
				ONLY_ACTIVE_ARCH = YES;
				SDKROOT = iphoneos;
				SWIFT_ACTIVE_COMPILATION_CONDITIONS = DEBUG;
				SWIFT_OPTIMIZATION_LEVEL = "-Onone";
			};
			name = Debug;
		};
		3DF577D024A5ED44005E368C /* Release */ = {
			isa = XCBuildConfiguration;
			buildSettings = {
				ALWAYS_SEARCH_USER_PATHS = NO;
				CLANG_ANALYZER_NONNULL = YES;
				CLANG_ANALYZER_NUMBER_OBJECT_CONVERSION = YES_AGGRESSIVE;
				CLANG_CXX_LANGUAGE_STANDARD = "gnu++14";
				CLANG_CXX_LIBRARY = "libc++";
				CLANG_ENABLE_MODULES = YES;
				CLANG_ENABLE_OBJC_ARC = YES;
				CLANG_ENABLE_OBJC_WEAK = YES;
				CLANG_WARN_BLOCK_CAPTURE_AUTORELEASING = YES;
				CLANG_WARN_BOOL_CONVERSION = YES;
				CLANG_WARN_COMMA = YES;
				CLANG_WARN_CONSTANT_CONVERSION = YES;
				CLANG_WARN_DEPRECATED_OBJC_IMPLEMENTATIONS = YES;
				CLANG_WARN_DIRECT_OBJC_ISA_USAGE = YES_ERROR;
				CLANG_WARN_DOCUMENTATION_COMMENTS = YES;
				CLANG_WARN_EMPTY_BODY = YES;
				CLANG_WARN_ENUM_CONVERSION = YES;
				CLANG_WARN_INFINITE_RECURSION = YES;
				CLANG_WARN_INT_CONVERSION = YES;
				CLANG_WARN_NON_LITERAL_NULL_CONVERSION = YES;
				CLANG_WARN_OBJC_IMPLICIT_RETAIN_SELF = YES;
				CLANG_WARN_OBJC_LITERAL_CONVERSION = YES;
				CLANG_WARN_OBJC_ROOT_CLASS = YES_ERROR;
				CLANG_WARN_QUOTED_INCLUDE_IN_FRAMEWORK_HEADER = YES;
				CLANG_WARN_RANGE_LOOP_ANALYSIS = YES;
				CLANG_WARN_STRICT_PROTOTYPES = YES;
				CLANG_WARN_SUSPICIOUS_MOVE = YES;
				CLANG_WARN_UNGUARDED_AVAILABILITY = YES_AGGRESSIVE;
				CLANG_WARN_UNREACHABLE_CODE = YES;
				CLANG_WARN__DUPLICATE_METHOD_MATCH = YES;
				COPY_PHASE_STRIP = NO;
				DEBUG_INFORMATION_FORMAT = "dwarf-with-dsym";
				ENABLE_NS_ASSERTIONS = NO;
				ENABLE_STRICT_OBJC_MSGSEND = YES;
				GCC_C_LANGUAGE_STANDARD = gnu11;
				GCC_NO_COMMON_BLOCKS = YES;
				GCC_WARN_64_TO_32_BIT_CONVERSION = YES;
				GCC_WARN_ABOUT_RETURN_TYPE = YES_ERROR;
				GCC_WARN_UNDECLARED_SELECTOR = YES;
				GCC_WARN_UNINITIALIZED_AUTOS = YES_AGGRESSIVE;
				GCC_WARN_UNUSED_FUNCTION = YES;
				GCC_WARN_UNUSED_VARIABLE = YES;
				IPHONEOS_DEPLOYMENT_TARGET = 13.5;
				MTL_ENABLE_DEBUG_INFO = NO;
				MTL_FAST_MATH = YES;
				SDKROOT = iphoneos;
				SWIFT_COMPILATION_MODE = wholemodule;
				SWIFT_OPTIMIZATION_LEVEL = "-O";
				VALIDATE_PRODUCT = YES;
			};
			name = Release;
		};
		3DF577D224A5ED44005E368C /* Debug */ = {
			isa = XCBuildConfiguration;
			buildSettings = {
				ASSETCATALOG_COMPILER_APPICON_NAME = AppIcon;
				CODE_SIGN_STYLE = Manual;
				DEVELOPMENT_TEAM = "";
				INFOPLIST_FILE = ScannerOverlayDemo/Info.plist;
				LD_RUNPATH_SEARCH_PATHS = (
					"$(inherited)",
					"@executable_path/Frameworks",
				);
				PRODUCT_BUNDLE_IDENTIFIER = dev.gaebel.ScannerOverlayDemo;
				PRODUCT_NAME = "$(TARGET_NAME)";
				PROVISIONING_PROFILE_SPECIFIER = "";
				SWIFT_VERSION = 5.0;
				TARGETED_DEVICE_FAMILY = 1;
			};
			name = Debug;
		};
		3DF577D324A5ED44005E368C /* Release */ = {
			isa = XCBuildConfiguration;
			buildSettings = {
				ASSETCATALOG_COMPILER_APPICON_NAME = AppIcon;
				CODE_SIGN_STYLE = Manual;
				DEVELOPMENT_TEAM = "";
				INFOPLIST_FILE = ScannerOverlayDemo/Info.plist;
				LD_RUNPATH_SEARCH_PATHS = (
					"$(inherited)",
					"@executable_path/Frameworks",
				);
				PRODUCT_BUNDLE_IDENTIFIER = dev.gaebel.ScannerOverlayDemo;
				PRODUCT_NAME = "$(TARGET_NAME)";
				PROVISIONING_PROFILE_SPECIFIER = "";
				SWIFT_VERSION = 5.0;
				TARGETED_DEVICE_FAMILY = 1;
			};
			name = Release;
		};
/* End XCBuildConfiguration section */

/* Begin XCConfigurationList section */
		3DF577B824A5ED43005E368C /* Build configuration list for PBXProject "ScannerOverlayDemo" */ = {
			isa = XCConfigurationList;
			buildConfigurations = (
				3DF577CF24A5ED44005E368C /* Debug */,
				3DF577D024A5ED44005E368C /* Release */,
			);
			defaultConfigurationIsVisible = 0;
			defaultConfigurationName = Release;
		};
		3DF577D124A5ED44005E368C /* Build configuration list for PBXNativeTarget "ScannerOverlayDemo" */ = {
			isa = XCConfigurationList;
			buildConfigurations = (
				3DF577D224A5ED44005E368C /* Debug */,
				3DF577D324A5ED44005E368C /* Release */,
			);
			defaultConfigurationIsVisible = 0;
			defaultConfigurationName = Release;
		};
/* End XCConfigurationList section */

/* Begin XCRemoteSwiftPackageReference section */
		3DF577D424A5ED76005E368C /* XCRemoteSwiftPackageReference "scanner-overlay" */ = {
			isa = XCRemoteSwiftPackageReference;
			repositoryURL = "https://github.com/gaebel/scanner-overlay";
			requirement = {
				kind = upToNextMajorVersion;
				minimumVersion = 1.0.0;
			};
		};
/* End XCRemoteSwiftPackageReference section */

/* Begin XCSwiftPackageProductDependency section */
		3DF577D524A5ED76005E368C /* ScannerOverlay */ = {
			isa = XCSwiftPackageProductDependency;
			package = 3DF577D424A5ED76005E368C /* XCRemoteSwiftPackageReference "scanner-overlay" */;
			productName = ScannerOverlay;
		};
/* End XCSwiftPackageProductDependency section */
	};
	rootObject = 3DF577B524A5ED43005E368C /* Project object */;
}
